
Microsoft Visual Studio Solution File, Format Version 12.00
# Visual Studio Version 16
VisualStudioVersion = 16.0.31424.327
MinimumVisualStudioVersion = 10.0.40219.1
Project("{FAE04EC0-301F-11D3-BF4B-00C04F79EFBC}") = "HW_Task1", "HW_Task1\HW_Task1.csproj", "{3E216053-E4E0-4CD4-ABC8-4FE5F6326656}"
EndProject
Global
	GlobalSection(SolutionConfigurationPlatforms) = preSolution
		Debug|Any CPU = Debug|Any CPU
		Release|Any CPU = Release|Any CPU
	EndGlobalSection
	GlobalSection(ProjectConfigurationPlatforms) = postSolution
		{3E216053-E4E0-4CD4-ABC8-4FE5F6326656}.Debug|Any CPU.ActiveCfg = Debug|Any CPU
		{3E216053-E4E0-4CD4-ABC8-4FE5F6326656}.Debug|Any CPU.Build.0 = Debug|Any CPU
		{3E216053-E4E0-4CD4-ABC8-4FE5F6326656}.Release|Any CPU.ActiveCfg = Release|Any CPU
		{3E216053-E4E0-4CD4-ABC8-4FE5F6326656}.Release|Any CPU.Build.0 = Release|Any CPU
	EndGlobalSection
	GlobalSection(SolutionProperties) = preSolution
		HideSolutionNode = FALSE
	EndGlobalSection
	GlobalSection(ExtensibilityGlobals) = postSolution
		SolutionGuid = {AE1E7A8E-73C6-4DE8-9CA2-FBDE7127C973}
	EndGlobalSection
EndGlobal
